// !$*UTF8*$!
{
	archiveVersion = 1;
	classes = {
	};
	objectVersion = 51;
	objects = {

/* Begin PBXBuildFile section */
		9E58162522A01029002DAA40 /* AppDelegate.swift in Sources */ = {isa = PBXBuildFile; fileRef = 9E58162422A01029002DAA40 /* AppDelegate.swift */; };
		9E58162722A01029002DAA40 /* ViewController.swift in Sources */ = {isa = PBXBuildFile; fileRef = 9E58162622A01029002DAA40 /* ViewController.swift */; };
		9E58162A22A01029002DAA40 /* Main.storyboard in Resources */ = {isa = PBXBuildFile; fileRef = 9E58162822A01029002DAA40 /* Main.storyboard */; };
		9E58162C22A0102B002DAA40 /* Assets.xcassets in Resources */ = {isa = PBXBuildFile; fileRef = 9E58162B22A0102B002DAA40 /* Assets.xcassets */; };
		9E58162F22A0102B002DAA40 /* LaunchScreen.storyboard in Resources */ = {isa = PBXBuildFile; fileRef = 9E58162D22A0102B002DAA40 /* LaunchScreen.storyboard */; };
		9E6DB40122A01925005C2FFD /* YoutubeVideo.swift in Sources */ = {isa = PBXBuildFile; fileRef = 9E6DB40022A01925005C2FFD /* YoutubeVideo.swift */; };
		9E7ACDD40128E85A24509291 /* Pods_BarChart.framework in Frameworks */ = {isa = PBXBuildFile; fileRef = D9E96C709FBFEA51F017BC3B /* Pods_BarChart.framework */; };
		9EE8276922A0161A00F3BEE4 /* MacawChartView.swift in Sources */ = {isa = PBXBuildFile; fileRef = 9EE8276822A0161A00F3BEE4 /* MacawChartView.swift */; };
/* End PBXBuildFile section */

/* Begin PBXFileReference section */
		9E58162122A01029002DAA40 /* BarChart.app */ = {isa = PBXFileReference; explicitFileType = wrapper.application; includeInIndex = 0; path = BarChart.app; sourceTree = BUILT_PRODUCTS_DIR; };
		9E58162422A01029002DAA40 /* AppDelegate.swift */ = {isa = PBXFileReference; lastKnownFileType = sourcecode.swift; path = AppDelegate.swift; sourceTree = "<group>"; };
		9E58162622A01029002DAA40 /* ViewController.swift */ = {isa = PBXFileReference; lastKnownFileType = sourcecode.swift; path = ViewController.swift; sourceTree = "<group>"; };
		9E58162922A01029002DAA40 /* Base */ = {isa = PBXFileReference; lastKnownFileType = file.storyboard; name = Base; path = Base.lproj/Main.storyboard; sourceTree = "<group>"; };
		9E58162B22A0102B002DAA40 /* Assets.xcassets */ = {isa = PBXFileReference; lastKnownFileType = folder.assetcatalog; path = Assets.xcassets; sourceTree = "<group>"; };
		9E58162E22A0102B002DAA40 /* Base */ = {isa = PBXFileReference; lastKnownFileType = file.storyboard; name = Base; path = Base.lproj/LaunchScreen.storyboard; sourceTree = "<group>"; };
		9E58163022A0102B002DAA40 /* Info.plist */ = {isa = PBXFileReference; lastKnownFileType = text.plist.xml; path = Info.plist; sourceTree = "<group>"; };
		9E6DB40022A01925005C2FFD /* YoutubeVideo.swift */ = {isa = PBXFileReference; lastKnownFileType = sourcecode.swift; path = YoutubeVideo.swift; sourceTree = "<group>"; };
		9EE8276822A0161A00F3BEE4 /* MacawChartView.swift */ = {isa = PBXFileReference; lastKnownFileType = sourcecode.swift; path = MacawChartView.swift; sourceTree = "<group>"; };
		ABD34D23B10670F007DACEE7 /* Pods-BarChart.release.xcconfig */ = {isa = PBXFileReference; includeInIndex = 1; lastKnownFileType = text.xcconfig; name = "Pods-BarChart.release.xcconfig"; path = "Target Support Files/Pods-BarChart/Pods-BarChart.release.xcconfig"; sourceTree = "<group>"; };
		D8FD704BC408BE7C75BBA927 /* Pods-BarChart.debug.xcconfig */ = {isa = PBXFileReference; includeInIndex = 1; lastKnownFileType = text.xcconfig; name = "Pods-BarChart.debug.xcconfig"; path = "Target Support Files/Pods-BarChart/Pods-BarChart.debug.xcconfig"; sourceTree = "<group>"; };
		D9E96C709FBFEA51F017BC3B /* Pods_BarChart.framework */ = {isa = PBXFileReference; explicitFileType = wrapper.framework; includeInIndex = 0; path = Pods_BarChart.framework; sourceTree = BUILT_PRODUCTS_DIR; };
/* End PBXFileReference section */

/* Begin PBXFrameworksBuildPhase section */
		9E58161E22A01029002DAA40 /* Frameworks */ = {
			isa = PBXFrameworksBuildPhase;
			buildActionMask = 2147483647;
			files = (
				9E7ACDD40128E85A24509291 /* Pods_BarChart.framework in Frameworks */,
			);
			runOnlyForDeploymentPostprocessing = 0;
		};
/* End PBXFrameworksBuildPhase section */

/* Begin PBXGroup section */
		08A2181A10287C3A02BFF08D /* Pods */ = {
			isa = PBXGroup;
			children = (
				D8FD704BC408BE7C75BBA927 /* Pods-BarChart.debug.xcconfig */,
				ABD34D23B10670F007DACEE7 /* Pods-BarChart.release.xcconfig */,
			);
			path = Pods;
			sourceTree = "<group>";
		};
		310119AD4994C7DD458BE007 /* Frameworks */ = {
			isa = PBXGroup;
			children = (
				D9E96C709FBFEA51F017BC3B /* Pods_BarChart.framework */,
			);
			name = Frameworks;
			sourceTree = "<group>";
		};
		9E58161822A01029002DAA40 = {
			isa = PBXGroup;
			children = (
				9E58162322A01029002DAA40 /* BarChart */,
				9E58162222A01029002DAA40 /* Products */,
				08A2181A10287C3A02BFF08D /* Pods */,
				310119AD4994C7DD458BE007 /* Frameworks */,
			);
			sourceTree = "<group>";
		};
		9E58162222A01029002DAA40 /* Products */ = {
			isa = PBXGroup;
			children = (
				9E58162122A01029002DAA40 /* BarChart.app */,
			);
			name = Products;
			sourceTree = "<group>";
		};
		9E58162322A01029002DAA40 /* BarChart */ = {
			isa = PBXGroup;
			children = (
				9E58162422A01029002DAA40 /* AppDelegate.swift */,
				9E58162622A01029002DAA40 /* ViewController.swift */,
				9E58162822A01029002DAA40 /* Main.storyboard */,
				9E58162B22A0102B002DAA40 /* Assets.xcassets */,
				9E58162D22A0102B002DAA40 /* LaunchScreen.storyboard */,
				9E58163022A0102B002DAA40 /* Info.plist */,
				9EE8276822A0161A00F3BEE4 /* MacawChartView.swift */,
				9E6DB40022A01925005C2FFD /* YoutubeVideo.swift */,
			);
			path = BarChart;
			sourceTree = "<group>";
		};
/* End PBXGroup section */

/* Begin PBXNativeTarget section */
		9E58162022A01029002DAA40 /* BarChart */ = {
			isa = PBXNativeTarget;
			buildConfigurationList = 9E58163322A0102B002DAA40 /* Build configuration list for PBXNativeTarget "BarChart" */;
			buildPhases = (
				6B82321B86A6F7A546CEDE94 /* [CP] Check Pods Manifest.lock */,
				9E58161D22A01029002DAA40 /* Sources */,
				9E58161E22A01029002DAA40 /* Frameworks */,
				9E58161F22A01029002DAA40 /* Resources */,
				A166837C3393F737345291C2 /* [CP] Embed Pods Frameworks */,
			);
			buildRules = (
			);
			dependencies = (
			);
			name = BarChart;
			productName = BarChart;
			productReference = 9E58162122A01029002DAA40 /* BarChart.app */;
			productType = "com.apple.product-type.application";
		};
/* End PBXNativeTarget section */

/* Begin PBXProject section */
		9E58161922A01029002DAA40 /* Project object */ = {
			isa = PBXProject;
			attributes = {
				LastSwiftUpdateCheck = 1020;
				LastUpgradeCheck = 1020;
				ORGANIZATIONNAME = "Christoph Wottawa";
				TargetAttributes = {
					9E58162022A01029002DAA40 = {
						CreatedOnToolsVersion = 10.2.1;
					};
				};
			};
			buildConfigurationList = 9E58161C22A01029002DAA40 /* Build configuration list for PBXProject "BarChart" */;
			compatibilityVersion = "Xcode 9.3";
			developmentRegion = en;
			hasScannedForEncodings = 0;
			knownRegions = (
				en,
				Base,
			);
			mainGroup = 9E58161822A01029002DAA40;
			productRefGroup = 9E58162222A01029002DAA40 /* Products */;
			projectDirPath = "";
			projectRoot = "";
			targets = (
				9E58162022A01029002DAA40 /* BarChart */,
			);
		};
/* End PBXProject section */

/* Begin PBXResourcesBuildPhase section */
		9E58161F22A01029002DAA40 /* Resources */ = {
			isa = PBXResourcesBuildPhase;
			buildActionMask = 2147483647;
			files = (
				9E58162F22A0102B002DAA40 /* LaunchScreen.storyboard in Resources */,
				9E58162C22A0102B002DAA40 /* Assets.xcassets in Resources */,
				9E58162A22A01029002DAA40 /* Main.storyboard in Resources */,
			);
			runOnlyForDeploymentPostprocessing = 0;
		};
/* End PBXResourcesBuildPhase section */

/* Begin PBXShellScriptBuildPhase section */
		6B82321B86A6F7A546CEDE94 /* [CP] Check Pods Manifest.lock */ = {
			isa = PBXShellScriptBuildPhase;
			buildActionMask = 2147483647;
			files = (
			);
			inputFileListPaths = (
			);
			inputPaths = (
				"${PODS_PODFILE_DIR_PATH}/Podfile.lock",
				"${PODS_ROOT}/Manifest.lock",
			);
			name = "[CP] Check Pods Manifest.lock";
			outputFileListPaths = (
			);
			outputPaths = (
				"$(DERIVED_FILE_DIR)/Pods-BarChart-checkManifestLockResult.txt",
			);
			runOnlyForDeploymentPostprocessing = 0;
			shellPath = /bin/sh;
			shellScript = "diff \"${PODS_PODFILE_DIR_PATH}/Podfile.lock\" \"${PODS_ROOT}/Manifest.lock\" > /dev/null\nif [ $? != 0 ] ; then\n    # print error to STDERR\n    echo \"error: The sandbox is not in sync with the Podfile.lock. Run 'pod install' or update your CocoaPods installation.\" >&2\n    exit 1\nfi\n# This output is used by Xcode 'outputs' to avoid re-running this script phase.\necho \"SUCCESS\" > \"${SCRIPT_OUTPUT_FILE_0}\"\n";
			showEnvVarsInLog = 0;
		};
		A166837C3393F737345291C2 /* [CP] Embed Pods Frameworks */ = {
			isa = PBXShellScriptBuildPhase;
			buildActionMask = 2147483647;
			files = (
			);
			inputFileListPaths = (
				"${PODS_ROOT}/Target Support Files/Pods-BarChart/Pods-BarChart-frameworks-${CONFIGURATION}-input-files.xcfilelist",
			);
			name = "[CP] Embed Pods Frameworks";
			outputFileListPaths = (
				"${PODS_ROOT}/Target Support Files/Pods-BarChart/Pods-BarChart-frameworks-${CONFIGURATION}-output-files.xcfilelist",
			);
			runOnlyForDeploymentPostprocessing = 0;
			shellPath = /bin/sh;
			shellScript = "\"${PODS_ROOT}/Target Support Files/Pods-BarChart/Pods-BarChart-frameworks.sh\"\n";
			showEnvVarsInLog = 0;
		};
/* End PBXShellScriptBuildPhase section */

/* Begin PBXSourcesBuildPhase section */
		9E58161D22A01029002DAA40 /* Sources */ = {
			isa = PBXSourcesBuildPhase;
			buildActionMask = 2147483647;
			files = (
				9EE8276922A0161A00F3BEE4 /* MacawChartView.swift in Sources */,
				9E6DB40122A01925005C2FFD /* YoutubeVideo.swift in Sources */,
				9E58162722A01029002DAA40 /* ViewController.swift in Sources */,
				9E58162522A01029002DAA40 /* AppDelegate.swift in Sources */,
			);
			runOnlyForDeploymentPostprocessing = 0;
		};
/* End PBXSourcesBuildPhase section */

/* Begin PBXVariantGroup section */
		9E58162822A01029002DAA40 /* Main.storyboard */ = {
			isa = PBXVariantGroup;
			children = (
				9E58162922A01029002DAA40 /* Base */,
			);
			name = Main.storyboard;
			sourceTree = "<group>";
		};
		9E58162D22A0102B002DAA40 /* LaunchScreen.storyboard */ = {
			isa = PBXVariantGroup;
			children = (
				9E58162E22A0102B002DAA40 /* Base */,
			);
			name = LaunchScreen.storyboard;
			sourceTree = "<group>";
		};
/* End PBXVariantGroup section */

/* Begin XCBuildConfiguration section */
		9E58163122A0102B002DAA40 /* Debug */ = {
			isa = XCBuildConfiguration;
			buildSettings = {
				ALWAYS_SEARCH_USER_PATHS = NO;
				CLANG_ANALYZER_NONNULL = YES;
				CLANG_ANALYZER_NUMBER_OBJECT_CONVERSION = YES_AGGRESSIVE;
				CLANG_CXX_LANGUAGE_STANDARD = "gnu++14";
				CLANG_CXX_LIBRARY = "libc++";
				CLANG_ENABLE_MODULES = YES;
				CLANG_ENABLE_OBJC_ARC = YES;
				CLANG_ENABLE_OBJC_WEAK = YES;
				CLANG_WARN_BLOCK_CAPTURE_AUTORELEASING = YES;
				CLANG_WARN_BOOL_CONVERSION = YES;
				CLANG_WARN_COMMA = YES;
				CLANG_WARN_CONSTANT_CONVERSION = YES;
				CLANG_WARN_DEPRECATED_OBJC_IMPLEMENTATIONS = YES;
				CLANG_WARN_DIRECT_OBJC_ISA_USAGE = YES_ERROR;
				CLANG_WARN_DOCUMENTATION_COMMENTS = YES;
				CLANG_WARN_EMPTY_BODY = YES;
				CLANG_WARN_ENUM_CONVERSION = YES;
				CLANG_WARN_INFINITE_RECURSION = YES;
				CLANG_WARN_INT_CONVERSION = YES;
				CLANG_WARN_NON_LITERAL_NULL_CONVERSION = YES;
				CLANG_WARN_OBJC_IMPLICIT_RETAIN_SELF = YES;
				CLANG_WARN_OBJC_LITERAL_CONVERSION = YES;
				CLANG_WARN_OBJC_ROOT_CLASS = YES_ERROR;
				CLANG_WARN_RANGE_LOOP_ANALYSIS = YES;
				CLANG_WARN_STRICT_PROTOTYPES = YES;
				CLANG_WARN_SUSPICIOUS_MOVE = YES;
				CLANG_WARN_UNGUARDED_AVAILABILITY = YES_AGGRESSIVE;
				CLANG_WARN_UNREACHABLE_CODE = YES;
				CLANG_WARN__DUPLICATE_METHOD_MATCH = YES;
				CODE_SIGN_IDENTITY = "iPhone Developer";
				COPY_PHASE_STRIP = NO;
				DEBUG_INFORMATION_FORMAT = dwarf;
				ENABLE_STRICT_OBJC_MSGSEND = YES;
				ENABLE_TESTABILITY = YES;
				GCC_C_LANGUAGE_STANDARD = gnu11;
				GCC_DYNAMIC_NO_PIC = NO;
				GCC_NO_COMMON_BLOCKS = YES;
				GCC_OPTIMIZATION_LEVEL = 0;
				GCC_PREPROCESSOR_DEFINITIONS = (
					"DEBUG=1",
					"$(inherited)",
				);
				GCC_WARN_64_TO_32_BIT_CONVERSION = YES;
				GCC_WARN_ABOUT_RETURN_TYPE = YES_ERROR;
				GCC_WARN_UNDECLARED_SELECTOR = YES;
				GCC_WARN_UNINITIALIZED_AUTOS = YES_AGGRESSIVE;
				GCC_WARN_UNUSED_FUNCTION = YES;
				GCC_WARN_UNUSED_VARIABLE = YES;
				IPHONEOS_DEPLOYMENT_TARGET = 12.2;
				MTL_ENABLE_DEBUG_INFO = INCLUDE_SOURCE;
				MTL_FAST_MATH = YES;
				ONLY_ACTIVE_ARCH = YES;
				SDKROOT = iphoneos;
				SWIFT_ACTIVE_COMPILATION_CONDITIONS = DEBUG;
				SWIFT_OPTIMIZATION_LEVEL = "-Onone";
			};
			name = Debug;
		};
		9E58163222A0102B002DAA40 /* Release */ = {
			isa = XCBuildConfiguration;
			buildSettings = {
				ALWAYS_SEARCH_USER_PATHS = NO;
				CLANG_ANALYZER_NONNULL = YES;
				CLANG_ANALYZER_NUMBER_OBJECT_CONVERSION = YES_AGGRESSIVE;
				CLANG_CXX_LANGUAGE_STANDARD = "gnu++14";
				CLANG_CXX_LIBRARY = "libc++";
				CLANG_ENABLE_MODULES = YES;
				CLANG_ENABLE_OBJC_ARC = YES;
				CLANG_ENABLE_OBJC_WEAK = YES;
				CLANG_WARN_BLOCK_CAPTURE_AUTORELEASING = YES;
				CLANG_WARN_BOOL_CONVERSION = YES;
				CLANG_WARN_COMMA = YES;
				CLANG_WARN_CONSTANT_CONVERSION = YES;
				CLANG_WARN_DEPRECATED_OBJC_IMPLEMENTATIONS = YES;
				CLANG_WARN_DIRECT_OBJC_ISA_USAGE = YES_ERROR;
				CLANG_WARN_DOCUMENTATION_COMMENTS = YES;
				CLANG_WARN_EMPTY_BODY = YES;
				CLANG_WARN_ENUM_CONVERSION = YES;
				CLANG_WARN_INFINITE_RECURSION = YES;
				CLANG_WARN_INT_CONVERSION = YES;
				CLANG_WARN_NON_LITERAL_NULL_CONVERSION = YES;
				CLANG_WARN_OBJC_IMPLICIT_RETAIN_SELF = YES;
				CLANG_WARN_OBJC_LITERAL_CONVERSION = YES;
				CLANG_WARN_OBJC_ROOT_CLASS = YES_ERROR;
				CLANG_WARN_RANGE_LOOP_ANALYSIS = YES;
				CLANG_WARN_STRICT_PROTOTYPES = YES;
				CLANG_WARN_SUSPICIOUS_MOVE = YES;
				CLANG_WARN_UNGUARDED_AVAILABILITY = YES_AGGRESSIVE;
				CLANG_WARN_UNREACHABLE_CODE = YES;
				CLANG_WARN__DUPLICATE_METHOD_MATCH = YES;
				CODE_SIGN_IDENTITY = "iPhone Developer";
				COPY_PHASE_STRIP = NO;
				DEBUG_INFORMATION_FORMAT = "dwarf-with-dsym";
				ENABLE_NS_ASSERTIONS = NO;
				ENABLE_STRICT_OBJC_MSGSEND = YES;
				GCC_C_LANGUAGE_STANDARD = gnu11;
				GCC_NO_COMMON_BLOCKS = YES;
				GCC_WARN_64_TO_32_BIT_CONVERSION = YES;
				GCC_WARN_ABOUT_RETURN_TYPE = YES_ERROR;
				GCC_WARN_UNDECLARED_SELECTOR = YES;
				GCC_WARN_UNINITIALIZED_AUTOS = YES_AGGRESSIVE;
				GCC_WARN_UNUSED_FUNCTION = YES;
				GCC_WARN_UNUSED_VARIABLE = YES;
				IPHONEOS_DEPLOYMENT_TARGET = 12.2;
				MTL_ENABLE_DEBUG_INFO = NO;
				MTL_FAST_MATH = YES;
				SDKROOT = iphoneos;
				SWIFT_COMPILATION_MODE = wholemodule;
				SWIFT_OPTIMIZATION_LEVEL = "-O";
				VALIDATE_PRODUCT = YES;
			};
			name = Release;
		};
		9E58163422A0102B002DAA40 /* Debug */ = {
			isa = XCBuildConfiguration;
			baseConfigurationReference = D8FD704BC408BE7C75BBA927 /* Pods-BarChart.debug.xcconfig */;
			buildSettings = {
				ASSETCATALOG_COMPILER_APPICON_NAME = AppIcon;
				CODE_SIGN_STYLE = Automatic;
				DEVELOPMENT_TEAM = K6YDQ7N662;
				INFOPLIST_FILE = BarChart/Info.plist;
				LD_RUNPATH_SEARCH_PATHS = (
					"$(inherited)",
					"@executable_path/Frameworks",
				);
				PRODUCT_BUNDLE_IDENTIFIER = at.ccomp.BarChart;
				PRODUCT_NAME = "$(TARGET_NAME)";
				SWIFT_VERSION = 5.0;
				TARGETED_DEVICE_FAMILY = "1,2";
			};
			name = Debug;
		};
		9E58163522A0102B002DAA40 /* Release */ = {
			isa = XCBuildConfiguration;
			baseConfigurationReference = ABD34D23B10670F007DACEE7 /* Pods-BarChart.release.xcconfig */;
			buildSettings = {
				ASSETCATALOG_COMPILER_APPICON_NAME = AppIcon;
				CODE_SIGN_STYLE = Automatic;
				DEVELOPMENT_TEAM = K6YDQ7N662;
				INFOPLIST_FILE = BarChart/Info.plist;
				LD_RUNPATH_SEARCH_PATHS = (
					"$(inherited)",
					"@executable_path/Frameworks",
				);
				PRODUCT_BUNDLE_IDENTIFIER = at.ccomp.BarChart;
				PRODUCT_NAME = "$(TARGET_NAME)";
				SWIFT_VERSION = 5.0;
				TARGETED_DEVICE_FAMILY = "1,2";
			};
			name = Release;
		};
/* End XCBuildConfiguration section */

/* Begin XCConfigurationList section */
		9E58161C22A01029002DAA40 /* Build configuration list for PBXProject "BarChart" */ = {
			isa = XCConfigurationList;
			buildConfigurations = (
				9E58163122A0102B002DAA40 /* Debug */,
				9E58163222A0102B002DAA40 /* Release */,
			);
			defaultConfigurationIsVisible = 0;
			defaultConfigurationName = Release;
		};
		9E58163322A0102B002DAA40 /* Build configuration list for PBXNativeTarget "BarChart" */ = {
			isa = XCConfigurationList;
			buildConfigurations = (
				9E58163422A0102B002DAA40 /* Debug */,
				9E58163522A0102B002DAA40 /* Release */,
			);
			defaultConfigurationIsVisible = 0;
			defaultConfigurationName = Release;
		};
/* End XCConfigurationList section */
	};
	rootObject = 9E58161922A01029002DAA40 /* Project object */;
}
